
Microsoft Visual Studio Solution File, Format Version 12.00
# Visual Studio Version 17
VisualStudioVersion = 17.14.37012.4
MinimumVisualStudioVersion = 10.0.40219.1
Project("{FAE04EC0-301F-11D3-BF4B-00C04F79EFBC}") = "PaytestLab.IntegratedPaytestAPI.ServerSimulator", "ServerSimulator\PaytestLab.IntegratedPaytestAPI.ServerSimulator.csproj", "{E0FF943A-F91F-461B-A800-4A5E0C892C99}"
EndProject
Project("{FAE04EC0-301F-11D3-BF4B-00C04F79EFBC}") = "PaytestLab.IntegratedPaytestAPI.Contract", "Contract\PaytestLab.IntegratedPaytestAPI.Contract.csproj", "{DDCA4832-43B2-3206-E70D-493243F79913}"
EndProject
Project("{2150E333-8FDC-42A3-9474-1A3956D46DE8}") = "Client", "Client", "{02EA681E-C7D8-13C7-8484-4AC65E1B71E8}"
EndProject
Project("{FAE04EC0-301F-11D3-BF4B-00C04F79EFBC}") = "PaytestLab.IntegratedPaytestAPI.Client", "Client\Application\PaytestLab.IntegratedPaytestAPI.Client.csproj", "{1AEA157B-6AD5-2939-5274-E6047C511FDB}"
EndProject
Project("{FAE04EC0-301F-11D3-BF4B-00C04F79EFBC}") = "PaytestLab.IntegratedPaytestAPI.Client.Components", "Client\Components\PaytestLab.IntegratedPaytestAPI.Client.Components.csproj", "{15B4FFD8-597D-715C-62A9-066AD6DE6389}"
EndProject
Global
	GlobalSection(SolutionConfigurationPlatforms) = preSolution
		Debug|Any CPU = Debug|Any CPU
		Release|Any CPU = Release|Any CPU
	EndGlobalSection
	GlobalSection(ProjectConfigurationPlatforms) = postSolution
		{E0FF943A-F91F-461B-A800-4A5E0C892C99}.Debug|Any CPU.ActiveCfg = Debug|Any CPU
		{E0FF943A-F91F-461B-A800-4A5E0C892C99}.Debug|Any CPU.Build.0 = Debug|Any CPU
		{E0FF943A-F91F-461B-A800-4A5E0C892C99}.Release|Any CPU.ActiveCfg = Release|Any CPU
		{E0FF943A-F91F-461B-A800-4A5E0C892C99}.Release|Any CPU.Build.0 = Release|Any CPU
		{DDCA4832-43B2-3206-E70D-493243F79913}.Debug|Any CPU.ActiveCfg = Debug|Any CPU
		{DDCA4832-43B2-3206-E70D-493243F79913}.Debug|Any CPU.Build.0 = Debug|Any CPU
		{DDCA4832-43B2-3206-E70D-493243F79913}.Release|Any CPU.ActiveCfg = Release|Any CPU
		{DDCA4832-43B2-3206-E70D-493243F79913}.Release|Any CPU.Build.0 = Release|Any CPU
		{1AEA157B-6AD5-2939-5274-E6047C511FDB}.Debug|Any CPU.ActiveCfg = Debug|Any CPU
		{1AEA157B-6AD5-2939-5274-E6047C511FDB}.Debug|Any CPU.Build.0 = Debug|Any CPU
		{1AEA157B-6AD5-2939-5274-E6047C511FDB}.Release|Any CPU.ActiveCfg = Release|Any CPU
		{1AEA157B-6AD5-2939-5274-E6047C511FDB}.Release|Any CPU.Build.0 = Release|Any CPU
		{15B4FFD8-597D-715C-62A9-066AD6DE6389}.Debug|Any CPU.ActiveCfg = Debug|Any CPU
		{15B4FFD8-597D-715C-62A9-066AD6DE6389}.Debug|Any CPU.Build.0 = Debug|Any CPU
		{15B4FFD8-597D-715C-62A9-066AD6DE6389}.Release|Any CPU.ActiveCfg = Release|Any CPU
		{15B4FFD8-597D-715C-62A9-066AD6DE6389}.Release|Any CPU.Build.0 = Release|Any CPU
	EndGlobalSection
	GlobalSection(SolutionProperties) = preSolution
		HideSolutionNode = FALSE
	EndGlobalSection
	GlobalSection(NestedProjects) = preSolution
		{1AEA157B-6AD5-2939-5274-E6047C511FDB} = {02EA681E-C7D8-13C7-8484-4AC65E1B71E8}
		{15B4FFD8-597D-715C-62A9-066AD6DE6389} = {02EA681E-C7D8-13C7-8484-4AC65E1B71E8}
	EndGlobalSection
	GlobalSection(ExtensibilityGlobals) = postSolution
		SolutionGuid = {B85D2A6C-B4F7-4E06-A497-4100482CBE40}
	EndGlobalSection
EndGlobal
